// !$*UTF8*$!
{
	archiveVersion = 1;
	classes = {
	};
	objectVersion = 77;
	objects = {

/* Begin PBXBuildFile section */
		8960CD87D184F05B11F316C5 /* Pods_LuciqSwiftUIDemo.framework in Frameworks */ = {isa = PBXBuildFile; fileRef = 0AF73012EA1D8E373986892B /* Pods_LuciqSwiftUIDemo.framework */; };
		D656ECAAF9B24B6400621E0A /* Pods_NewSampleLuciqSwiftUI.framework in Frameworks */ = {isa = PBXBuildFile; fileRef = 7CF53E80CDBA3C5A4464E36B /* Pods_NewSampleLuciqSwiftUI.framework */; };
		ECD8A8A8179F2F40121306C8 /* Pods_LuciqUIKitDemo.framework in Frameworks */ = {isa = PBXBuildFile; fileRef = 75D8CF2C1D37059EDEA7DF4F /* Pods_LuciqUIKitDemo.framework */; };
/* End PBXBuildFile section */

/* Begin PBXFileReference section */
		0AF73012EA1D8E373986892B /* Pods_LuciqSwiftUIDemo.framework */ = {isa = PBXFileReference; explicitFileType = wrapper.framework; includeInIndex = 0; path = Pods_LuciqSwiftUIDemo.framework; sourceTree = BUILT_PRODUCTS_DIR; };
		0DDB4F9D8FF34CF33B08A50F /* Pods-LuciqUIKitDemo.release.xcconfig */ = {isa = PBXFileReference; includeInIndex = 1; lastKnownFileType = text.xcconfig; name = "Pods-LuciqUIKitDemo.release.xcconfig"; path = "Target Support Files/Pods-LuciqUIKitDemo/Pods-LuciqUIKitDemo.release.xcconfig"; sourceTree = "<group>"; };
		11800A7599B97AAF98E9F598 /* Pods-LuciqSwiftUIDemo.release.xcconfig */ = {isa = PBXFileReference; includeInIndex = 1; lastKnownFileType = text.xcconfig; name = "Pods-LuciqSwiftUIDemo.release.xcconfig"; path = "Target Support Files/Pods-LuciqSwiftUIDemo/Pods-LuciqSwiftUIDemo.release.xcconfig"; sourceTree = "<group>"; };
		3C2A82366B159A2ABF30ACFA /* Pods-NewSampleLuciqSwiftUI.debug.xcconfig */ = {isa = PBXFileReference; includeInIndex = 1; lastKnownFileType = text.xcconfig; name = "Pods-NewSampleLuciqSwiftUI.debug.xcconfig"; path = "Target Support Files/Pods-NewSampleLuciqSwiftUI/Pods-NewSampleLuciqSwiftUI.debug.xcconfig"; sourceTree = "<group>"; };
		5385996BD74583D0B5670F8A /* Pods-LuciqSwiftUIDemo.debug.xcconfig */ = {isa = PBXFileReference; includeInIndex = 1; lastKnownFileType = text.xcconfig; name = "Pods-LuciqSwiftUIDemo.debug.xcconfig"; path = "Target Support Files/Pods-LuciqSwiftUIDemo/Pods-LuciqSwiftUIDemo.debug.xcconfig"; sourceTree = "<group>"; };
		5B792E132E8AF8F300B8AE65 /* NewSampleLuciqSwiftUI.app */ = {isa = PBXFileReference; explicitFileType = wrapper.application; includeInIndex = 0; path = NewSampleLuciqSwiftUI.app; sourceTree = BUILT_PRODUCTS_DIR; };
		602DF5962E6E354200E93A13 /* LuciqSwiftUIDemo.app */ = {isa = PBXFileReference; explicitFileType = wrapper.application; includeInIndex = 0; path = LuciqSwiftUIDemo.app; sourceTree = BUILT_PRODUCTS_DIR; };
		603E833D2E6DCA1B000A30BC /* LuciqUIKitDemo.app */ = {isa = PBXFileReference; explicitFileType = wrapper.application; includeInIndex = 0; path = LuciqUIKitDemo.app; sourceTree = BUILT_PRODUCTS_DIR; };
		75D8CF2C1D37059EDEA7DF4F /* Pods_LuciqUIKitDemo.framework */ = {isa = PBXFileReference; explicitFileType = wrapper.framework; includeInIndex = 0; path = Pods_LuciqUIKitDemo.framework; sourceTree = BUILT_PRODUCTS_DIR; };
		7CF53E80CDBA3C5A4464E36B /* Pods_NewSampleLuciqSwiftUI.framework */ = {isa = PBXFileReference; explicitFileType = wrapper.framework; includeInIndex = 0; path = Pods_NewSampleLuciqSwiftUI.framework; sourceTree = BUILT_PRODUCTS_DIR; };
		A8F15E12FBC253FB0E4DCF13 /* Pods-LuciqUIKitDemo.debug.xcconfig */ = {isa = PBXFileReference; includeInIndex = 1; lastKnownFileType = text.xcconfig; name = "Pods-LuciqUIKitDemo.debug.xcconfig"; path = "Target Support Files/Pods-LuciqUIKitDemo/Pods-LuciqUIKitDemo.debug.xcconfig"; sourceTree = "<group>"; };
		CE762422F16BBECF24454E79 /* Pods-NewSampleLuciqSwiftUI.release.xcconfig */ = {isa = PBXFileReference; includeInIndex = 1; lastKnownFileType = text.xcconfig; name = "Pods-NewSampleLuciqSwiftUI.release.xcconfig"; path = "Target Support Files/Pods-NewSampleLuciqSwiftUI/Pods-NewSampleLuciqSwiftUI.release.xcconfig"; sourceTree = "<group>"; };
/* End PBXFileReference section */

/* Begin PBXFileSystemSynchronizedBuildFileExceptionSet section */
		602DF5AF2E6E39E500E93A13 /* Exceptions for "SharedResources" folder in "LuciqUIKitDemo" target */ = {
			isa = PBXFileSystemSynchronizedBuildFileExceptionSet;
			membershipExceptions = (
				"/Localized: LaunchScreen.storyboard",
				Assets.xcassets,
			);
			target = 603E833C2E6DCA1B000A30BC /* LuciqUIKitDemo */;
		};
		603E834F2E6DCA1D000A30BC /* Exceptions for "LuciqUIKitDemo" folder in "LuciqUIKitDemo" target */ = {
			isa = PBXFileSystemSynchronizedBuildFileExceptionSet;
			membershipExceptions = (
				Resources/Info.plist,
			);
			target = 603E833C2E6DCA1B000A30BC /* LuciqUIKitDemo */;
		};
/* End PBXFileSystemSynchronizedBuildFileExceptionSet section */

/* Begin PBXFileSystemSynchronizedRootGroup section */
		5B792E142E8AF8F300B8AE65 /* NewSampleLuciqSwiftUI */ = {
			isa = PBXFileSystemSynchronizedRootGroup;
			path = NewSampleLuciqSwiftUI;
			sourceTree = "<group>";
		};
		602DF5972E6E354200E93A13 /* LuciqSwiftUIDemo */ = {
			isa = PBXFileSystemSynchronizedRootGroup;
			path = LuciqSwiftUIDemo;
			sourceTree = "<group>";
		};
		602DF5AE2E6E39DF00E93A13 /* SharedResources */ = {
			isa = PBXFileSystemSynchronizedRootGroup;
			exceptions = (
				602DF5AF2E6E39E500E93A13 /* Exceptions for "SharedResources" folder in "LuciqUIKitDemo" target */,
			);
			path = SharedResources;
			sourceTree = "<group>";
		};
		603E833F2E6DCA1B000A30BC /* LuciqUIKitDemo */ = {
			isa = PBXFileSystemSynchronizedRootGroup;
			exceptions = (
				603E834F2E6DCA1D000A30BC /* Exceptions for "LuciqUIKitDemo" folder in "LuciqUIKitDemo" target */,
			);
			path = LuciqUIKitDemo;
			sourceTree = "<group>";
		};
/* End PBXFileSystemSynchronizedRootGroup section */

/* Begin PBXFrameworksBuildPhase section */
		5B792E102E8AF8F300B8AE65 /* Frameworks */ = {
			isa = PBXFrameworksBuildPhase;
			buildActionMask = 2147483647;
			files = (
				D656ECAAF9B24B6400621E0A /* Pods_NewSampleLuciqSwiftUI.framework in Frameworks */,
			);
			runOnlyForDeploymentPostprocessing = 0;
		};
		602DF5932E6E354200E93A13 /* Frameworks */ = {
			isa = PBXFrameworksBuildPhase;
			buildActionMask = 2147483647;
			files = (
				8960CD87D184F05B11F316C5 /* Pods_LuciqSwiftUIDemo.framework in Frameworks */,
			);
			runOnlyForDeploymentPostprocessing = 0;
		};
		603E833A2E6DCA1B000A30BC /* Frameworks */ = {
			isa = PBXFrameworksBuildPhase;
			buildActionMask = 2147483647;
			files = (
				ECD8A8A8179F2F40121306C8 /* Pods_LuciqUIKitDemo.framework in Frameworks */,
			);
			runOnlyForDeploymentPostprocessing = 0;
		};
/* End PBXFrameworksBuildPhase section */

/* Begin PBXGroup section */
		603E83342E6DCA1B000A30BC = {
			isa = PBXGroup;
			children = (
				602DF5AE2E6E39DF00E93A13 /* SharedResources */,
				603E833F2E6DCA1B000A30BC /* LuciqUIKitDemo */,
				602DF5972E6E354200E93A13 /* LuciqSwiftUIDemo */,
				5B792E142E8AF8F300B8AE65 /* NewSampleLuciqSwiftUI */,
				603E833E2E6DCA1B000A30BC /* Products */,
				700309772AA77C81FF24D671 /* Pods */,
				AAE718AB485F132D1203B2DB /* Frameworks */,
			);
			sourceTree = "<group>";
		};
		603E833E2E6DCA1B000A30BC /* Products */ = {
			isa = PBXGroup;
			children = (
				603E833D2E6DCA1B000A30BC /* LuciqUIKitDemo.app */,
				602DF5962E6E354200E93A13 /* LuciqSwiftUIDemo.app */,
				5B792E132E8AF8F300B8AE65 /* NewSampleLuciqSwiftUI.app */,
			);
			name = Products;
			sourceTree = "<group>";
		};
		700309772AA77C81FF24D671 /* Pods */ = {
			isa = PBXGroup;
			children = (
				5385996BD74583D0B5670F8A /* Pods-LuciqSwiftUIDemo.debug.xcconfig */,
				11800A7599B97AAF98E9F598 /* Pods-LuciqSwiftUIDemo.release.xcconfig */,
				A8F15E12FBC253FB0E4DCF13 /* Pods-LuciqUIKitDemo.debug.xcconfig */,
				0DDB4F9D8FF34CF33B08A50F /* Pods-LuciqUIKitDemo.release.xcconfig */,
				3C2A82366B159A2ABF30ACFA /* Pods-NewSampleLuciqSwiftUI.debug.xcconfig */,
				CE762422F16BBECF24454E79 /* Pods-NewSampleLuciqSwiftUI.release.xcconfig */,
			);
			path = Pods;
			sourceTree = "<group>";
		};
		AAE718AB485F132D1203B2DB /* Frameworks */ = {
			isa = PBXGroup;
			children = (
				0AF73012EA1D8E373986892B /* Pods_LuciqSwiftUIDemo.framework */,
				75D8CF2C1D37059EDEA7DF4F /* Pods_LuciqUIKitDemo.framework */,
				7CF53E80CDBA3C5A4464E36B /* Pods_NewSampleLuciqSwiftUI.framework */,
			);
			name = Frameworks;
			sourceTree = "<group>";
		};
/* End PBXGroup section */

/* Begin PBXNativeTarget section */
		5B792E122E8AF8F300B8AE65 /* NewSampleLuciqSwiftUI */ = {
			isa = PBXNativeTarget;
			buildConfigurationList = 5B792E1D2E8AF8F500B8AE65 /* Build configuration list for PBXNativeTarget "NewSampleLuciqSwiftUI" */;
			buildPhases = (
				1218B46EBA502C9FCE7ABF45 /* [CP] Check Pods Manifest.lock */,
				5B792E0F2E8AF8F300B8AE65 /* Sources */,
				5B792E102E8AF8F300B8AE65 /* Frameworks */,
				5B792E112E8AF8F300B8AE65 /* Resources */,
				1635CA2CB1299137AEFD3B9E /* [CP] Embed Pods Frameworks */,
			);
			buildRules = (
			);
			dependencies = (
			);
			fileSystemSynchronizedGroups = (
				5B792E142E8AF8F300B8AE65 /* NewSampleLuciqSwiftUI */,
				602DF5AE2E6E39DF00E93A13 /* SharedResources */,
			);
			name = NewSampleLuciqSwiftUI;
			productName = NewSampleLuciqSwiftUI;
			productReference = 5B792E132E8AF8F300B8AE65 /* NewSampleLuciqSwiftUI.app */;
			productType = "com.apple.product-type.application";
		};
		602DF5952E6E354200E93A13 /* LuciqSwiftUIDemo */ = {
			isa = PBXNativeTarget;
			buildConfigurationList = 602DF5A12E6E354400E93A13 /* Build configuration list for PBXNativeTarget "LuciqSwiftUIDemo" */;
			buildPhases = (
				6AE8E468C28ECC467FDD61A9 /* [CP] Check Pods Manifest.lock */,
				602DF5922E6E354200E93A13 /* Sources */,
				602DF5932E6E354200E93A13 /* Frameworks */,
				602DF5942E6E354200E93A13 /* Resources */,
				254859256378BDA92724BB7C /* [CP] Embed Pods Frameworks */,
			);
			buildRules = (
			);
			dependencies = (
			);
			fileSystemSynchronizedGroups = (
				602DF5972E6E354200E93A13 /* LuciqSwiftUIDemo */,
				602DF5AE2E6E39DF00E93A13 /* SharedResources */,
			);
			name = LuciqSwiftUIDemo;
			productName = LuciqSwiftUIDemo;
			productReference = 602DF5962E6E354200E93A13 /* LuciqSwiftUIDemo.app */;
			productType = "com.apple.product-type.application";
		};
		603E833C2E6DCA1B000A30BC /* LuciqUIKitDemo */ = {
			isa = PBXNativeTarget;
			buildConfigurationList = 603E83502E6DCA1D000A30BC /* Build configuration list for PBXNativeTarget "LuciqUIKitDemo" */;
			buildPhases = (
				86753B67263E1F2553AD612A /* [CP] Check Pods Manifest.lock */,
				603E83392E6DCA1B000A30BC /* Sources */,
				603E833A2E6DCA1B000A30BC /* Frameworks */,
				603E833B2E6DCA1B000A30BC /* Resources */,
				81977BF73F3DD4CA53A9D67A /* [CP] Embed Pods Frameworks */,
			);
			buildRules = (
			);
			dependencies = (
			);
			fileSystemSynchronizedGroups = (
				603E833F2E6DCA1B000A30BC /* LuciqUIKitDemo */,
			);
			name = LuciqUIKitDemo;
			productName = LuciqDemo;
			productReference = 603E833D2E6DCA1B000A30BC /* LuciqUIKitDemo.app */;
			productType = "com.apple.product-type.application";
		};
/* End PBXNativeTarget section */

/* Begin PBXProject section */
		603E83352E6DCA1B000A30BC /* Project object */ = {
			isa = PBXProject;
			attributes = {
				BuildIndependentTargetsInParallel = 1;
				LastSwiftUpdateCheck = 1640;
				LastUpgradeCheck = 1620;
				TargetAttributes = {
					5B792E122E8AF8F300B8AE65 = {
						CreatedOnToolsVersion = 16.4;
					};
					602DF5952E6E354200E93A13 = {
						CreatedOnToolsVersion = 16.2;
					};
					603E833C2E6DCA1B000A30BC = {
						CreatedOnToolsVersion = 16.2;
					};
				};
			};
			buildConfigurationList = 603E83382E6DCA1B000A30BC /* Build configuration list for PBXProject "LuciqDemo" */;
			developmentRegion = en;
			hasScannedForEncodings = 0;
			knownRegions = (
				en,
				Base,
			);
			mainGroup = 603E83342E6DCA1B000A30BC;
			minimizedProjectReferenceProxies = 1;
			preferredProjectObjectVersion = 77;
			productRefGroup = 603E833E2E6DCA1B000A30BC /* Products */;
			projectDirPath = "";
			projectRoot = "";
			targets = (
				603E833C2E6DCA1B000A30BC /* LuciqUIKitDemo */,
				602DF5952E6E354200E93A13 /* LuciqSwiftUIDemo */,
				5B792E122E8AF8F300B8AE65 /* NewSampleLuciqSwiftUI */,
			);
		};
/* End PBXProject section */

/* Begin PBXResourcesBuildPhase section */
		5B792E112E8AF8F300B8AE65 /* Resources */ = {
			isa = PBXResourcesBuildPhase;
			buildActionMask = 2147483647;
			files = (
			);
			runOnlyForDeploymentPostprocessing = 0;
		};
		602DF5942E6E354200E93A13 /* Resources */ = {
			isa = PBXResourcesBuildPhase;
			buildActionMask = 2147483647;
			files = (
			);
			runOnlyForDeploymentPostprocessing = 0;
		};
		603E833B2E6DCA1B000A30BC /* Resources */ = {
			isa = PBXResourcesBuildPhase;
			buildActionMask = 2147483647;
			files = (
			);
			runOnlyForDeploymentPostprocessing = 0;
		};
/* End PBXResourcesBuildPhase section */

/* Begin PBXShellScriptBuildPhase section */
		1218B46EBA502C9FCE7ABF45 /* [CP] Check Pods Manifest.lock */ = {
			isa = PBXShellScriptBuildPhase;
			buildActionMask = 2147483647;
			files = (
			);
			inputFileListPaths = (
			);
			inputPaths = (
				"${PODS_PODFILE_DIR_PATH}/Podfile.lock",
				"${PODS_ROOT}/Manifest.lock",
			);
			name = "[CP] Check Pods Manifest.lock";
			outputFileListPaths = (
			);
			outputPaths = (
				"$(DERIVED_FILE_DIR)/Pods-NewSampleLuciqSwiftUI-checkManifestLockResult.txt",
			);
			runOnlyForDeploymentPostprocessing = 0;
			shellPath = /bin/sh;
			shellScript = "diff \"${PODS_PODFILE_DIR_PATH}/Podfile.lock\" \"${PODS_ROOT}/Manifest.lock\" > /dev/null\nif [ $? != 0 ] ; then\n    # print error to STDERR\n    echo \"error: The sandbox is not in sync with the Podfile.lock. Run 'pod install' or update your CocoaPods installation.\" >&2\n    exit 1\nfi\n# This output is used by Xcode 'outputs' to avoid re-running this script phase.\necho \"SUCCESS\" > \"${SCRIPT_OUTPUT_FILE_0}\"\n";
			showEnvVarsInLog = 0;
		};
		1635CA2CB1299137AEFD3B9E /* [CP] Embed Pods Frameworks */ = {
			isa = PBXShellScriptBuildPhase;
			buildActionMask = 2147483647;
			files = (
			);
			inputFileListPaths = (
				"${PODS_ROOT}/Target Support Files/Pods-NewSampleLuciqSwiftUI/Pods-NewSampleLuciqSwiftUI-frameworks-${CONFIGURATION}-input-files.xcfilelist",
			);
			inputPaths = (
			);
			name = "[CP] Embed Pods Frameworks";
			outputFileListPaths = (
				"${PODS_ROOT}/Target Support Files/Pods-NewSampleLuciqSwiftUI/Pods-NewSampleLuciqSwiftUI-frameworks-${CONFIGURATION}-output-files.xcfilelist",
			);
			outputPaths = (
			);
			runOnlyForDeploymentPostprocessing = 0;
			shellPath = /bin/sh;
			shellScript = "\"${PODS_ROOT}/Target Support Files/Pods-NewSampleLuciqSwiftUI/Pods-NewSampleLuciqSwiftUI-frameworks.sh\"\n";
			showEnvVarsInLog = 0;
		};
		254859256378BDA92724BB7C /* [CP] Embed Pods Frameworks */ = {
			isa = PBXShellScriptBuildPhase;
			buildActionMask = 2147483647;
			files = (
			);
			inputFileListPaths = (
				"${PODS_ROOT}/Target Support Files/Pods-LuciqSwiftUIDemo/Pods-LuciqSwiftUIDemo-frameworks-${CONFIGURATION}-input-files.xcfilelist",
			);
			inputPaths = (
			);
			name = "[CP] Embed Pods Frameworks";
			outputFileListPaths = (
				"${PODS_ROOT}/Target Support Files/Pods-LuciqSwiftUIDemo/Pods-LuciqSwiftUIDemo-frameworks-${CONFIGURATION}-output-files.xcfilelist",
			);
			outputPaths = (
			);
			runOnlyForDeploymentPostprocessing = 0;
			shellPath = /bin/sh;
			shellScript = "\"${PODS_ROOT}/Target Support Files/Pods-LuciqSwiftUIDemo/Pods-LuciqSwiftUIDemo-frameworks.sh\"\n";
			showEnvVarsInLog = 0;
		};
		6AE8E468C28ECC467FDD61A9 /* [CP] Check Pods Manifest.lock */ = {
			isa = PBXShellScriptBuildPhase;
			buildActionMask = 2147483647;
			files = (
			);
			inputFileListPaths = (
			);
			inputPaths = (
				"${PODS_PODFILE_DIR_PATH}/Podfile.lock",
				"${PODS_ROOT}/Manifest.lock",
			);
			name = "[CP] Check Pods Manifest.lock";
			outputFileListPaths = (
			);
			outputPaths = (
				"$(DERIVED_FILE_DIR)/Pods-LuciqSwiftUIDemo-checkManifestLockResult.txt",
			);
			runOnlyForDeploymentPostprocessing = 0;
			shellPath = /bin/sh;
			shellScript = "diff \"${PODS_PODFILE_DIR_PATH}/Podfile.lock\" \"${PODS_ROOT}/Manifest.lock\" > /dev/null\nif [ $? != 0 ] ; then\n    # print error to STDERR\n    echo \"error: The sandbox is not in sync with the Podfile.lock. Run 'pod install' or update your CocoaPods installation.\" >&2\n    exit 1\nfi\n# This output is used by Xcode 'outputs' to avoid re-running this script phase.\necho \"SUCCESS\" > \"${SCRIPT_OUTPUT_FILE_0}\"\n";
			showEnvVarsInLog = 0;
		};
		81977BF73F3DD4CA53A9D67A /* [CP] Embed Pods Frameworks */ = {
			isa = PBXShellScriptBuildPhase;
			buildActionMask = 2147483647;
			files = (
			);
			inputFileListPaths = (
				"${PODS_ROOT}/Target Support Files/Pods-LuciqUIKitDemo/Pods-LuciqUIKitDemo-frameworks-${CONFIGURATION}-input-files.xcfilelist",
			);
			inputPaths = (
			);
			name = "[CP] Embed Pods Frameworks";
			outputFileListPaths = (
				"${PODS_ROOT}/Target Support Files/Pods-LuciqUIKitDemo/Pods-LuciqUIKitDemo-frameworks-${CONFIGURATION}-output-files.xcfilelist",
			);
			outputPaths = (
			);
			runOnlyForDeploymentPostprocessing = 0;
			shellPath = /bin/sh;
			shellScript = "\"${PODS_ROOT}/Target Support Files/Pods-LuciqUIKitDemo/Pods-LuciqUIKitDemo-frameworks.sh\"\n";
			showEnvVarsInLog = 0;
		};
		86753B67263E1F2553AD612A /* [CP] Check Pods Manifest.lock */ = {
			isa = PBXShellScriptBuildPhase;
			buildActionMask = 2147483647;
			files = (
			);
			inputFileListPaths = (
			);
			inputPaths = (
				"${PODS_PODFILE_DIR_PATH}/Podfile.lock",
				"${PODS_ROOT}/Manifest.lock",
			);
			name = "[CP] Check Pods Manifest.lock";
			outputFileListPaths = (
			);
			outputPaths = (
				"$(DERIVED_FILE_DIR)/Pods-LuciqUIKitDemo-checkManifestLockResult.txt",
			);
			runOnlyForDeploymentPostprocessing = 0;
			shellPath = /bin/sh;
			shellScript = "diff \"${PODS_PODFILE_DIR_PATH}/Podfile.lock\" \"${PODS_ROOT}/Manifest.lock\" > /dev/null\nif [ $? != 0 ] ; then\n    # print error to STDERR\n    echo \"error: The sandbox is not in sync with the Podfile.lock. Run 'pod install' or update your CocoaPods installation.\" >&2\n    exit 1\nfi\n# This output is used by Xcode 'outputs' to avoid re-running this script phase.\necho \"SUCCESS\" > \"${SCRIPT_OUTPUT_FILE_0}\"\n";
			showEnvVarsInLog = 0;
		};
/* End PBXShellScriptBuildPhase section */

/* Begin PBXSourcesBuildPhase section */
		5B792E0F2E8AF8F300B8AE65 /* Sources */ = {
			isa = PBXSourcesBuildPhase;
			buildActionMask = 2147483647;
			files = (
			);
			runOnlyForDeploymentPostprocessing = 0;
		};
		602DF5922E6E354200E93A13 /* Sources */ = {
			isa = PBXSourcesBuildPhase;
			buildActionMask = 2147483647;
			files = (
			);
			runOnlyForDeploymentPostprocessing = 0;
		};
		603E83392E6DCA1B000A30BC /* Sources */ = {
			isa = PBXSourcesBuildPhase;
			buildActionMask = 2147483647;
			files = (
			);
			runOnlyForDeploymentPostprocessing = 0;
		};
/* End PBXSourcesBuildPhase section */

/* Begin XCBuildConfiguration section */
		5B792E1B2E8AF8F500B8AE65 /* Debug */ = {
			isa = XCBuildConfiguration;
			baseConfigurationReference = 3C2A82366B159A2ABF30ACFA /* Pods-NewSampleLuciqSwiftUI.debug.xcconfig */;
			buildSettings = {
				ASSETCATALOG_COMPILER_APPICON_NAME = AppIcon;
				ASSETCATALOG_COMPILER_GLOBAL_ACCENT_COLOR_NAME = AccentColor;
				CODE_SIGN_STYLE = Automatic;
				CURRENT_PROJECT_VERSION = 1;
				ENABLE_PREVIEWS = YES;
				ENABLE_USER_SCRIPT_SANDBOXING = NO;
				GENERATE_INFOPLIST_FILE = YES;
				INFOPLIST_KEY_UIApplicationSceneManifest_Generation = YES;
				INFOPLIST_KEY_UIApplicationSupportsIndirectInputEvents = YES;
				INFOPLIST_KEY_UILaunchScreen_Generation = YES;
				INFOPLIST_KEY_UISupportedInterfaceOrientations_iPad = "UIInterfaceOrientationPortrait UIInterfaceOrientationPortraitUpsideDown UIInterfaceOrientationLandscapeLeft UIInterfaceOrientationLandscapeRight";
				INFOPLIST_KEY_UISupportedInterfaceOrientations_iPhone = "UIInterfaceOrientationPortrait UIInterfaceOrientationLandscapeLeft UIInterfaceOrientationLandscapeRight";
				IPHONEOS_DEPLOYMENT_TARGET = 18.5;
				LD_RUNPATH_SEARCH_PATHS = (
					"$(inherited)",
					"@executable_path/Frameworks",
				);
				MARKETING_VERSION = 1.0;
				PRODUCT_BUNDLE_IDENTIFIER = com.Luciq.NewSampleLuciqSwiftUI;
				PRODUCT_NAME = "$(TARGET_NAME)";
				SWIFT_EMIT_LOC_STRINGS = YES;
				SWIFT_VERSION = 5.0;
				TARGETED_DEVICE_FAMILY = "1,2";
			};
			name = Debug;
		};
		5B792E1C2E8AF8F500B8AE65 /* Release */ = {
			isa = XCBuildConfiguration;
			baseConfigurationReference = CE762422F16BBECF24454E79 /* Pods-NewSampleLuciqSwiftUI.release.xcconfig */;
			buildSettings = {
				ASSETCATALOG_COMPILER_APPICON_NAME = AppIcon;
				ASSETCATALOG_COMPILER_GLOBAL_ACCENT_COLOR_NAME = AccentColor;
				CODE_SIGN_STYLE = Automatic;
				CURRENT_PROJECT_VERSION = 1;
				ENABLE_PREVIEWS = YES;
				ENABLE_USER_SCRIPT_SANDBOXING = NO;
				GENERATE_INFOPLIST_FILE = YES;
				INFOPLIST_KEY_UIApplicationSceneManifest_Generation = YES;
				INFOPLIST_KEY_UIApplicationSupportsIndirectInputEvents = YES;
				INFOPLIST_KEY_UILaunchScreen_Generation = YES;
				INFOPLIST_KEY_UISupportedInterfaceOrientations_iPad = "UIInterfaceOrientationPortrait UIInterfaceOrientationPortraitUpsideDown UIInterfaceOrientationLandscapeLeft UIInterfaceOrientationLandscapeRight";
				INFOPLIST_KEY_UISupportedInterfaceOrientations_iPhone = "UIInterfaceOrientationPortrait UIInterfaceOrientationLandscapeLeft UIInterfaceOrientationLandscapeRight";
				IPHONEOS_DEPLOYMENT_TARGET = 18.5;
				LD_RUNPATH_SEARCH_PATHS = (
					"$(inherited)",
					"@executable_path/Frameworks",
				);
				MARKETING_VERSION = 1.0;
				PRODUCT_BUNDLE_IDENTIFIER = com.Luciq.NewSampleLuciqSwiftUI;
				PRODUCT_NAME = "$(TARGET_NAME)";
				SWIFT_EMIT_LOC_STRINGS = YES;
				SWIFT_VERSION = 5.0;
				TARGETED_DEVICE_FAMILY = "1,2";
			};
			name = Release;
		};
		602DF5A22E6E354400E93A13 /* Debug */ = {
			isa = XCBuildConfiguration;
			baseConfigurationReference = 5385996BD74583D0B5670F8A /* Pods-LuciqSwiftUIDemo.debug.xcconfig */;
			buildSettings = {
				ASSETCATALOG_COMPILER_APPICON_NAME = AppIcon;
				CODE_SIGN_STYLE = Automatic;
				CURRENT_PROJECT_VERSION = 1;
				DEVELOPMENT_ASSET_PATHS = "";
				DEVELOPMENT_TEAM = 56S6Q9SA8U;
				ENABLE_PREVIEWS = YES;
				GENERATE_INFOPLIST_FILE = YES;
				INFOPLIST_KEY_LSApplicationCategoryType = "public.app-category.utilities";
				INFOPLIST_KEY_UIApplicationSceneManifest_Generation = YES;
				INFOPLIST_KEY_UIApplicationSupportsIndirectInputEvents = YES;
				INFOPLIST_KEY_UILaunchScreen_Generation = NO;
				INFOPLIST_KEY_UILaunchStoryboardName = LaunchScreen;
				INFOPLIST_KEY_UISupportedInterfaceOrientations_iPad = "UIInterfaceOrientationPortrait UIInterfaceOrientationPortraitUpsideDown UIInterfaceOrientationLandscapeLeft UIInterfaceOrientationLandscapeRight";
				INFOPLIST_KEY_UISupportedInterfaceOrientations_iPhone = "UIInterfaceOrientationPortrait UIInterfaceOrientationLandscapeLeft UIInterfaceOrientationLandscapeRight";
				IPHONEOS_DEPLOYMENT_TARGET = 15.0;
				LD_RUNPATH_SEARCH_PATHS = (
					"$(inherited)",
					"@executable_path/Frameworks",
				);
				MARKETING_VERSION = 1.0;
				PRODUCT_BUNDLE_IDENTIFIER = "com.luciq.swiftui-sample-app";
				PRODUCT_NAME = "$(TARGET_NAME)";
				SWIFT_EMIT_LOC_STRINGS = YES;
				SWIFT_VERSION = 5.0;
				TARGETED_DEVICE_FAMILY = "1,2";
			};
			name = Debug;
		};
		602DF5A32E6E354400E93A13 /* Release */ = {
			isa = XCBuildConfiguration;
			baseConfigurationReference = 11800A7599B97AAF98E9F598 /* Pods-LuciqSwiftUIDemo.release.xcconfig */;
			buildSettings = {
				ASSETCATALOG_COMPILER_APPICON_NAME = AppIcon;
				CODE_SIGN_STYLE = Automatic;
				CURRENT_PROJECT_VERSION = 1;
				DEVELOPMENT_ASSET_PATHS = "";
				DEVELOPMENT_TEAM = 56S6Q9SA8U;
				ENABLE_PREVIEWS = YES;
				GENERATE_INFOPLIST_FILE = YES;
				INFOPLIST_KEY_LSApplicationCategoryType = "public.app-category.utilities";
				INFOPLIST_KEY_UIApplicationSceneManifest_Generation = YES;
				INFOPLIST_KEY_UIApplicationSupportsIndirectInputEvents = YES;
				INFOPLIST_KEY_UILaunchScreen_Generation = NO;
				INFOPLIST_KEY_UILaunchStoryboardName = LaunchScreen;
				INFOPLIST_KEY_UISupportedInterfaceOrientations_iPad = "UIInterfaceOrientationPortrait UIInterfaceOrientationPortraitUpsideDown UIInterfaceOrientationLandscapeLeft UIInterfaceOrientationLandscapeRight";
				INFOPLIST_KEY_UISupportedInterfaceOrientations_iPhone = "UIInterfaceOrientationPortrait UIInterfaceOrientationLandscapeLeft UIInterfaceOrientationLandscapeRight";
				IPHONEOS_DEPLOYMENT_TARGET = 15.0;
				LD_RUNPATH_SEARCH_PATHS = (
					"$(inherited)",
					"@executable_path/Frameworks",
				);
				MARKETING_VERSION = 1.0;
				PRODUCT_BUNDLE_IDENTIFIER = "com.luciq.swiftui-sample-app";
				PRODUCT_NAME = "$(TARGET_NAME)";
				SWIFT_EMIT_LOC_STRINGS = YES;
				SWIFT_VERSION = 5.0;
				TARGETED_DEVICE_FAMILY = "1,2";
			};
			name = Release;
		};
		603E83512E6DCA1D000A30BC /* Debug */ = {
			isa = XCBuildConfiguration;
			baseConfigurationReference = A8F15E12FBC253FB0E4DCF13 /* Pods-LuciqUIKitDemo.debug.xcconfig */;
			buildSettings = {
				ASSETCATALOG_COMPILER_APPICON_NAME = AppIcon;
				CODE_SIGN_STYLE = Automatic;
				CURRENT_PROJECT_VERSION = 1;
				DEVELOPMENT_TEAM = 56S6Q9SA8U;
				GENERATE_INFOPLIST_FILE = YES;
				INFOPLIST_FILE = LuciqUIKitDemo/Resources/Info.plist;
				INFOPLIST_KEY_LSApplicationCategoryType = "public.app-category.utilities";
				INFOPLIST_KEY_UIApplicationSupportsIndirectInputEvents = YES;
				INFOPLIST_KEY_UILaunchStoryboardName = LaunchScreen;
				INFOPLIST_KEY_UIMainStoryboardFile = Main;
				INFOPLIST_KEY_UISupportedInterfaceOrientations_iPad = "UIInterfaceOrientationPortrait UIInterfaceOrientationPortraitUpsideDown UIInterfaceOrientationLandscapeLeft UIInterfaceOrientationLandscapeRight";
				INFOPLIST_KEY_UISupportedInterfaceOrientations_iPhone = "UIInterfaceOrientationPortrait UIInterfaceOrientationLandscapeLeft UIInterfaceOrientationLandscapeRight";
				IPHONEOS_DEPLOYMENT_TARGET = 15.0;
				LD_RUNPATH_SEARCH_PATHS = (
					"$(inherited)",
					"@executable_path/Frameworks",
				);
				MARKETING_VERSION = 1.0;
				PRODUCT_BUNDLE_IDENTIFIER = "com.luciq.uikit-sample-app";
				PRODUCT_NAME = "$(TARGET_NAME)";
				SWIFT_EMIT_LOC_STRINGS = YES;
				SWIFT_VERSION = 5.0;
				TARGETED_DEVICE_FAMILY = "1,2";
			};
			name = Debug;
		};
		603E83522E6DCA1D000A30BC /* Release */ = {
			isa = XCBuildConfiguration;
			baseConfigurationReference = 0DDB4F9D8FF34CF33B08A50F /* Pods-LuciqUIKitDemo.release.xcconfig */;
			buildSettings = {
				ASSETCATALOG_COMPILER_APPICON_NAME = AppIcon;
				CODE_SIGN_STYLE = Automatic;
				CURRENT_PROJECT_VERSION = 1;
				DEVELOPMENT_TEAM = 56S6Q9SA8U;
				GENERATE_INFOPLIST_FILE = YES;
				INFOPLIST_FILE = LuciqUIKitDemo/Resources/Info.plist;
				INFOPLIST_KEY_LSApplicationCategoryType = "public.app-category.utilities";
				INFOPLIST_KEY_UIApplicationSupportsIndirectInputEvents = YES;
				INFOPLIST_KEY_UILaunchStoryboardName = LaunchScreen;
				INFOPLIST_KEY_UIMainStoryboardFile = Main;
				INFOPLIST_KEY_UISupportedInterfaceOrientations_iPad = "UIInterfaceOrientationPortrait UIInterfaceOrientationPortraitUpsideDown UIInterfaceOrientationLandscapeLeft UIInterfaceOrientationLandscapeRight";
				INFOPLIST_KEY_UISupportedInterfaceOrientations_iPhone = "UIInterfaceOrientationPortrait UIInterfaceOrientationLandscapeLeft UIInterfaceOrientationLandscapeRight";
				IPHONEOS_DEPLOYMENT_TARGET = 15.0;
				LD_RUNPATH_SEARCH_PATHS = (
					"$(inherited)",
					"@executable_path/Frameworks",
				);
				MARKETING_VERSION = 1.0;
				PRODUCT_BUNDLE_IDENTIFIER = "com.luciq.uikit-sample-app";
				PRODUCT_NAME = "$(TARGET_NAME)";
				SWIFT_EMIT_LOC_STRINGS = YES;
				SWIFT_VERSION = 5.0;
				TARGETED_DEVICE_FAMILY = "1,2";
			};
			name = Release;
		};
		603E83532E6DCA1D000A30BC /* Debug */ = {
			isa = XCBuildConfiguration;
			buildSettings = {
				ALWAYS_SEARCH_USER_PATHS = NO;
				ASSETCATALOG_COMPILER_GENERATE_SWIFT_ASSET_SYMBOL_EXTENSIONS = YES;
				CLANG_ANALYZER_NONNULL = YES;
				CLANG_ANALYZER_NUMBER_OBJECT_CONVERSION = YES_AGGRESSIVE;
				CLANG_CXX_LANGUAGE_STANDARD = "gnu++20";
				CLANG_ENABLE_MODULES = YES;
				CLANG_ENABLE_OBJC_ARC = YES;
				CLANG_ENABLE_OBJC_WEAK = YES;
				CLANG_WARN_BLOCK_CAPTURE_AUTORELEASING = YES;
				CLANG_WARN_BOOL_CONVERSION = YES;
				CLANG_WARN_COMMA = YES;
				CLANG_WARN_CONSTANT_CONVERSION = YES;
				CLANG_WARN_DEPRECATED_OBJC_IMPLEMENTATIONS = YES;
				CLANG_WARN_DIRECT_OBJC_ISA_USAGE = YES_ERROR;
				CLANG_WARN_DOCUMENTATION_COMMENTS = YES;
				CLANG_WARN_EMPTY_BODY = YES;
				CLANG_WARN_ENUM_CONVERSION = YES;
				CLANG_WARN_INFINITE_RECURSION = YES;
				CLANG_WARN_INT_CONVERSION = YES;
				CLANG_WARN_NON_LITERAL_NULL_CONVERSION = YES;
				CLANG_WARN_OBJC_IMPLICIT_RETAIN_SELF = YES;
				CLANG_WARN_OBJC_LITERAL_CONVERSION = YES;
				CLANG_WARN_OBJC_ROOT_CLASS = YES_ERROR;
				CLANG_WARN_QUOTED_INCLUDE_IN_FRAMEWORK_HEADER = YES;
				CLANG_WARN_RANGE_LOOP_ANALYSIS = YES;
				CLANG_WARN_STRICT_PROTOTYPES = YES;
				CLANG_WARN_SUSPICIOUS_MOVE = YES;
				CLANG_WARN_UNGUARDED_AVAILABILITY = YES_AGGRESSIVE;
				CLANG_WARN_UNREACHABLE_CODE = YES;
				CLANG_WARN__DUPLICATE_METHOD_MATCH = YES;
				COPY_PHASE_STRIP = NO;
				DEBUG_INFORMATION_FORMAT = dwarf;
				ENABLE_STRICT_OBJC_MSGSEND = YES;
				ENABLE_TESTABILITY = YES;
				GCC_C_LANGUAGE_STANDARD = gnu17;
				GCC_DYNAMIC_NO_PIC = NO;
				GCC_NO_COMMON_BLOCKS = YES;
				GCC_OPTIMIZATION_LEVEL = 0;
				GCC_PREPROCESSOR_DEFINITIONS = (
					"DEBUG=1",
					"$(inherited)",
				);
				GCC_WARN_64_TO_32_BIT_CONVERSION = YES;
				GCC_WARN_ABOUT_RETURN_TYPE = YES_ERROR;
				GCC_WARN_UNDECLARED_SELECTOR = YES;
				GCC_WARN_UNINITIALIZED_AUTOS = YES_AGGRESSIVE;
				GCC_WARN_UNUSED_FUNCTION = YES;
				GCC_WARN_UNUSED_VARIABLE = YES;
				IPHONEOS_DEPLOYMENT_TARGET = 18.2;
				LOCALIZATION_PREFERS_STRING_CATALOGS = YES;
				MTL_ENABLE_DEBUG_INFO = INCLUDE_SOURCE;
				MTL_FAST_MATH = YES;
				ONLY_ACTIVE_ARCH = YES;
				SDKROOT = iphoneos;
				SWIFT_ACTIVE_COMPILATION_CONDITIONS = "DEBUG $(inherited)";
				SWIFT_OPTIMIZATION_LEVEL = "-Onone";
			};
			name = Debug;
		};
		603E83542E6DCA1D000A30BC /* Release */ = {
			isa = XCBuildConfiguration;
			buildSettings = {
				ALWAYS_SEARCH_USER_PATHS = NO;
				ASSETCATALOG_COMPILER_GENERATE_SWIFT_ASSET_SYMBOL_EXTENSIONS = YES;
				CLANG_ANALYZER_NONNULL = YES;
				CLANG_ANALYZER_NUMBER_OBJECT_CONVERSION = YES_AGGRESSIVE;
				CLANG_CXX_LANGUAGE_STANDARD = "gnu++20";
				CLANG_ENABLE_MODULES = YES;
				CLANG_ENABLE_OBJC_ARC = YES;
				CLANG_ENABLE_OBJC_WEAK = YES;
				CLANG_WARN_BLOCK_CAPTURE_AUTORELEASING = YES;
				CLANG_WARN_BOOL_CONVERSION = YES;
				CLANG_WARN_COMMA = YES;
				CLANG_WARN_CONSTANT_CONVERSION = YES;
				CLANG_WARN_DEPRECATED_OBJC_IMPLEMENTATIONS = YES;
				CLANG_WARN_DIRECT_OBJC_ISA_USAGE = YES_ERROR;
				CLANG_WARN_DOCUMENTATION_COMMENTS = YES;
				CLANG_WARN_EMPTY_BODY = YES;
				CLANG_WARN_ENUM_CONVERSION = YES;
				CLANG_WARN_INFINITE_RECURSION = YES;
				CLANG_WARN_INT_CONVERSION = YES;
				CLANG_WARN_NON_LITERAL_NULL_CONVERSION = YES;
				CLANG_WARN_OBJC_IMPLICIT_RETAIN_SELF = YES;
				CLANG_WARN_OBJC_LITERAL_CONVERSION = YES;
				CLANG_WARN_OBJC_ROOT_CLASS = YES_ERROR;
				CLANG_WARN_QUOTED_INCLUDE_IN_FRAMEWORK_HEADER = YES;
				CLANG_WARN_RANGE_LOOP_ANALYSIS = YES;
				CLANG_WARN_STRICT_PROTOTYPES = YES;
				CLANG_WARN_SUSPICIOUS_MOVE = YES;
				CLANG_WARN_UNGUARDED_AVAILABILITY = YES_AGGRESSIVE;
				CLANG_WARN_UNREACHABLE_CODE = YES;
				CLANG_WARN__DUPLICATE_METHOD_MATCH = YES;
				COPY_PHASE_STRIP = NO;
				DEBUG_INFORMATION_FORMAT = "dwarf-with-dsym";
				ENABLE_NS_ASSERTIONS = NO;
				ENABLE_STRICT_OBJC_MSGSEND = YES;
				GCC_C_LANGUAGE_STANDARD = gnu17;
				GCC_NO_COMMON_BLOCKS = YES;
				GCC_WARN_64_TO_32_BIT_CONVERSION = YES;
				GCC_WARN_ABOUT_RETURN_TYPE = YES_ERROR;
				GCC_WARN_UNDECLARED_SELECTOR = YES;
				GCC_WARN_UNINITIALIZED_AUTOS = YES_AGGRESSIVE;
				GCC_WARN_UNUSED_FUNCTION = YES;
				GCC_WARN_UNUSED_VARIABLE = YES;
				IPHONEOS_DEPLOYMENT_TARGET = 18.2;
				LOCALIZATION_PREFERS_STRING_CATALOGS = YES;
				MTL_ENABLE_DEBUG_INFO = NO;
				MTL_FAST_MATH = YES;
				SDKROOT = iphoneos;
				SWIFT_COMPILATION_MODE = wholemodule;
				VALIDATE_PRODUCT = YES;
			};
			name = Release;
		};
/* End XCBuildConfiguration section */

/* Begin XCConfigurationList section */
		5B792E1D2E8AF8F500B8AE65 /* Build configuration list for PBXNativeTarget "NewSampleLuciqSwiftUI" */ = {
			isa = XCConfigurationList;
			buildConfigurations = (
				5B792E1B2E8AF8F500B8AE65 /* Debug */,
				5B792E1C2E8AF8F500B8AE65 /* Release */,
			);
			defaultConfigurationIsVisible = 0;
			defaultConfigurationName = Release;
		};
		602DF5A12E6E354400E93A13 /* Build configuration list for PBXNativeTarget "LuciqSwiftUIDemo" */ = {
			isa = XCConfigurationList;
			buildConfigurations = (
				602DF5A22E6E354400E93A13 /* Debug */,
				602DF5A32E6E354400E93A13 /* Release */,
			);
			defaultConfigurationIsVisible = 0;
			defaultConfigurationName = Release;
		};
		603E83382E6DCA1B000A30BC /* Build configuration list for PBXProject "LuciqDemo" */ = {
			isa = XCConfigurationList;
			buildConfigurations = (
				603E83532E6DCA1D000A30BC /* Debug */,
				603E83542E6DCA1D000A30BC /* Release */,
			);
			defaultConfigurationIsVisible = 0;
			defaultConfigurationName = Release;
		};
		603E83502E6DCA1D000A30BC /* Build configuration list for PBXNativeTarget "LuciqUIKitDemo" */ = {
			isa = XCConfigurationList;
			buildConfigurations = (
				603E83512E6DCA1D000A30BC /* Debug */,
				603E83522E6DCA1D000A30BC /* Release */,
			);
			defaultConfigurationIsVisible = 0;
			defaultConfigurationName = Release;
		};
/* End XCConfigurationList section */
	};
	rootObject = 603E83352E6DCA1B000A30BC /* Project object */;
}
